
Microsoft Visual Studio Solution File, Format Version 12.00
# Visual Studio 14
VisualStudioVersion = 14.0.25420.1
MinimumVisualStudioVersion = 10.0.40219.1
Project("{FAE04EC0-301F-11D3-BF4B-00C04F79EFBC}") = "BomberBotTests", "BomberBotTests\BomberBotTests.csproj", "{F5E89B5F-E6F9-4122-B5DF-EA34FBC461BA}"
EndProject
Project("{FAE04EC0-301F-11D3-BF4B-00C04F79EFBC}") = "BomberBot", "BomberBot\BomberBot.csproj", "{99105F70-B943-49B5-85FC-5025B09D915B}"
EndProject
Global
	GlobalSection(SolutionConfigurationPlatforms) = preSolution
		Debug|Any CPU = Debug|Any CPU
		Release|Any CPU = Release|Any CPU
	EndGlobalSection
	GlobalSection(ProjectConfigurationPlatforms) = postSolution
		{F5E89B5F-E6F9-4122-B5DF-EA34FBC461BA}.Debug|Any CPU.ActiveCfg = Debug|Any CPU
		{F5E89B5F-E6F9-4122-B5DF-EA34FBC461BA}.Debug|Any CPU.Build.0 = Debug|Any CPU
		{F5E89B5F-E6F9-4122-B5DF-EA34FBC461BA}.Release|Any CPU.ActiveCfg = Release|Any CPU
		{F5E89B5F-E6F9-4122-B5DF-EA34FBC461BA}.Release|Any CPU.Build.0 = Release|Any CPU
		{99105F70-B943-49B5-85FC-5025B09D915B}.Debug|Any CPU.ActiveCfg = Debug|Any CPU
		{99105F70-B943-49B5-85FC-5025B09D915B}.Debug|Any CPU.Build.0 = Debug|Any CPU
		{99105F70-B943-49B5-85FC-5025B09D915B}.Release|Any CPU.ActiveCfg = Release|Any CPU
		{99105F70-B943-49B5-85FC-5025B09D915B}.Release|Any CPU.Build.0 = Release|Any CPU
	EndGlobalSection
	GlobalSection(SolutionProperties) = preSolution
		HideSolutionNode = FALSE
	EndGlobalSection
EndGlobal
